// !$*UTF8*$!
{
	archiveVersion = 1;
	classes = {
	};
	objectVersion = 45;
	objects = {

/* Begin PBXBuildFile section */
		4D10EEE1145C561500EC0FAC /* NSBitmapImageRep_WriteToFile.h in Headers */ = {isa = PBXBuildFile; fileRef = 4D10EEE0145C561500EC0FAC /* NSBitmapImageRep_WriteToFile.h */; settings = {ATTRIBUTES = (Public, ); }; };
		4D10EEEC145D7E6D00EC0FAC /* NSBitmapImageRep_WriteToFile.m in Sources */ = {isa = PBXBuildFile; fileRef = 4D10EEEB145D7E6D00EC0FAC /* NSBitmapImageRep_WriteToFile.m */; };
		4D54DA56141271C000E1CCC7 /* libsane.dylib in Frameworks */ = {isa = PBXBuildFile; fileRef = 4D54DA55141271C000E1CCC7 /* libsane.dylib */; };
		4D54DA6B1412797600E1CCC7 /* SaneKit.h in Headers */ = {isa = PBXBuildFile; fileRef = 4D54DA691412797600E1CCC7 /* SaneKit.h */; settings = {ATTRIBUTES = (Public, ); }; };
		4D54DA6C1412797600E1CCC7 /* SaneKit.m in Sources */ = {isa = PBXBuildFile; fileRef = 4D54DA6A1412797600E1CCC7 /* SaneKit.m */; };
		4D54DA7814127CFE00E1CCC7 /* SaneKit.framework in Frameworks */ = {isa = PBXBuildFile; fileRef = 8DC2EF5B0486A6940098B216 /* SaneKit.framework */; };
		4D54DA7B14127D2B00E1CCC7 /* scantool.m in Sources */ = {isa = PBXBuildFile; fileRef = 4D54DA7A14127D2B00E1CCC7 /* scantool.m */; };
		4D54DA9914127E3400E1CCC7 /* Foundation.framework in Frameworks */ = {isa = PBXBuildFile; fileRef = 0867D69BFE84028FC02AAC07 /* Foundation.framework */; };
		4D54DABA141286E200E1CCC7 /* SKScanDevice.h in Headers */ = {isa = PBXBuildFile; fileRef = 4D54DAB8141286E200E1CCC7 /* SKScanDevice.h */; settings = {ATTRIBUTES = (Public, ); }; };
		4D54DABB141286E200E1CCC7 /* SKScanDevice.m in Sources */ = {isa = PBXBuildFile; fileRef = 4D54DAB9141286E200E1CCC7 /* SKScanDevice.m */; };
		4D54DB0F14128E2300E1CCC7 /* SKStructs.h in Headers */ = {isa = PBXBuildFile; fileRef = 4D54DB0E14128E2300E1CCC7 /* SKStructs.h */; };
		4DB4BE771444F1E100339479 /* Foundation.framework in Frameworks */ = {isa = PBXBuildFile; fileRef = 0867D69BFE84028FC02AAC07 /* Foundation.framework */; };
		4DB4BE781444F1E400339479 /* AppKit.framework in Frameworks */ = {isa = PBXBuildFile; fileRef = 0867D6A5FE840307C02AAC07 /* AppKit.framework */; };
		4DB4BE7B1444F1F000339479 /* SaneKit.framework in Frameworks */ = {isa = PBXBuildFile; fileRef = 8DC2EF5B0486A6940098B216 /* SaneKit.framework */; };
		4DB4BE811444F29000339479 /* InSaneIty.xib in Resources */ = {isa = PBXBuildFile; fileRef = 4DB4BE801444F29000339479 /* InSaneIty.xib */; };
		4DB4BE831444F2DB00339479 /* main.m in Sources */ = {isa = PBXBuildFile; fileRef = 4DB4BE821444F2DB00339479 /* main.m */; };
		4DB4BEAC1448E97100339479 /* SKApplicationDelegate.m in Sources */ = {isa = PBXBuildFile; fileRef = 4DB4BEAB1448E97100339479 /* SKApplicationDelegate.m */; };
		4DB4BEEE1448EDB600339479 /* SKApplicationController.m in Sources */ = {isa = PBXBuildFile; fileRef = 4DB4BEED1448EDB600339479 /* SKApplicationController.m */; };
		4DE6612B14134FC0001F309B /* SKScanParameters.h in Headers */ = {isa = PBXBuildFile; fileRef = 4DE6612914134FC0001F309B /* SKScanParameters.h */; };
		4DE6612C14134FC0001F309B /* SKScanParameters.m in Sources */ = {isa = PBXBuildFile; fileRef = 4DE6612A14134FC0001F309B /* SKScanParameters.m */; };
		4DE6625C1415692F001F309B /* compare_images.m in Sources */ = {isa = PBXBuildFile; fileRef = 4DE6625B1415692F001F309B /* compare_images.m */; };
		4DE662EC14196E0B001F309B /* SKScanOption.h in Headers */ = {isa = PBXBuildFile; fileRef = 4DE662EA14196E0B001F309B /* SKScanOption.h */; settings = {ATTRIBUTES = (Public, ); }; };
		4DE662ED14196E0B001F309B /* SKScanOption.m in Sources */ = {isa = PBXBuildFile; fileRef = 4DE662EB14196E0B001F309B /* SKScanOption.m */; };
		4DE66486141B5F5D001F309B /* SKScanOptionInt.h in Headers */ = {isa = PBXBuildFile; fileRef = 4DE66484141B5F5D001F309B /* SKScanOptionInt.h */; };
		4DE66487141B5F5D001F309B /* SKScanOptionInt.m in Sources */ = {isa = PBXBuildFile; fileRef = 4DE66485141B5F5D001F309B /* SKScanOptionInt.m */; };
		4DE6648A141B5F7E001F309B /* SKScanOptionBool.h in Headers */ = {isa = PBXBuildFile; fileRef = 4DE66488141B5F7D001F309B /* SKScanOptionBool.h */; };
		4DE6648B141B5F7E001F309B /* SKScanOptionBool.m in Sources */ = {isa = PBXBuildFile; fileRef = 4DE66489141B5F7D001F309B /* SKScanOptionBool.m */; };
		4DE6648E141B5FBF001F309B /* SKScanOptionString.h in Headers */ = {isa = PBXBuildFile; fileRef = 4DE6648C141B5FBF001F309B /* SKScanOptionString.h */; };
		4DE6648F141B5FBF001F309B /* SKScanOptionString.m in Sources */ = {isa = PBXBuildFile; fileRef = 4DE6648D141B5FBF001F309B /* SKScanOptionString.m */; };
		4DFA0C75142EA32D0076728A /* SKScanOptionFixed.h in Headers */ = {isa = PBXBuildFile; fileRef = 4DFA0C73142EA32D0076728A /* SKScanOptionFixed.h */; };
		4DFA0C76142EA32D0076728A /* SKScanOptionFixed.m in Sources */ = {isa = PBXBuildFile; fileRef = 4DFA0C74142EA32D0076728A /* SKScanOptionFixed.m */; };
		4DFA0D02142F279D0076728A /* SKRange.h in Headers */ = {isa = PBXBuildFile; fileRef = 4DFA0D00142F279D0076728A /* SKRange.h */; };
		4DFA0D03142F279D0076728A /* SKRange.m in Sources */ = {isa = PBXBuildFile; fileRef = 4DFA0D01142F279D0076728A /* SKRange.m */; };
		4DFA0D85142FD08D0076728A /* SKRange_Protocol.h in Headers */ = {isa = PBXBuildFile; fileRef = 4DFA0D82142FD08D0076728A /* SKRange_Protocol.h */; };
		4DFA0D86142FD08D0076728A /* SKRangeFixed.h in Headers */ = {isa = PBXBuildFile; fileRef = 4DFA0D83142FD08D0076728A /* SKRangeFixed.h */; };
		4DFA0D87142FD08D0076728A /* SKRangeFixed.m in Sources */ = {isa = PBXBuildFile; fileRef = 4DFA0D84142FD08D0076728A /* SKRangeFixed.m */; };
		8DC2EF530486A6940098B216 /* InfoPlist.strings in Resources */ = {isa = PBXBuildFile; fileRef = 089C1666FE841158C02AAC07 /* InfoPlist.strings */; };
		8DC2EF570486A6940098B216 /* Cocoa.framework in Frameworks */ = {isa = PBXBuildFile; fileRef = 1058C7B1FEA5585E11CA2CBB /* Cocoa.framework */; };
/* End PBXBuildFile section */

/* Begin PBXContainerItemProxy section */
		4D54DA7614127CF900E1CCC7 /* PBXContainerItemProxy */ = {
			isa = PBXContainerItemProxy;
			containerPortal = 0867D690FE84028FC02AAC07 /* Project object */;
			proxyType = 1;
			remoteGlobalIDString = 8DC2EF4F0486A6940098B216;
			remoteInfo = SaneKit;
		};
		4DB4BE751444F1A400339479 /* PBXContainerItemProxy */ = {
			isa = PBXContainerItemProxy;
			containerPortal = 0867D690FE84028FC02AAC07 /* Project object */;
			proxyType = 1;
			remoteGlobalIDString = 8DC2EF4F0486A6940098B216 /* SaneKit */;
			remoteInfo = SaneKit;
		};
/* End PBXContainerItemProxy section */

/* Begin PBXFileReference section */
		0867D69BFE84028FC02AAC07 /* Foundation.framework */ = {isa = PBXFileReference; lastKnownFileType = wrapper.framework; name = Foundation.framework; path = /System/Library/Frameworks/Foundation.framework; sourceTree = "<absolute>"; };
		0867D6A5FE840307C02AAC07 /* AppKit.framework */ = {isa = PBXFileReference; lastKnownFileType = wrapper.framework; name = AppKit.framework; path = /System/Library/Frameworks/AppKit.framework; sourceTree = "<absolute>"; };
		089C1667FE841158C02AAC07 /* English */ = {isa = PBXFileReference; fileEncoding = 10; lastKnownFileType = text.plist.strings; name = English; path = English.lproj/InfoPlist.strings; sourceTree = "<group>"; };
		1058C7B1FEA5585E11CA2CBB /* Cocoa.framework */ = {isa = PBXFileReference; lastKnownFileType = wrapper.framework; name = Cocoa.framework; path = /System/Library/Frameworks/Cocoa.framework; sourceTree = "<absolute>"; };
		32DBCF5E0370ADEE00C91783 /* SaneKit_Prefix.pch */ = {isa = PBXFileReference; fileEncoding = 4; lastKnownFileType = sourcecode.c.h; path = SaneKit_Prefix.pch; sourceTree = "<group>"; };
		4D10EEE0145C561500EC0FAC /* NSBitmapImageRep_WriteToFile.h */ = {isa = PBXFileReference; fileEncoding = 4; lastKnownFileType = sourcecode.c.h; name = NSBitmapImageRep_WriteToFile.h; path = Classes/NSBitmapImageRep_WriteToFile.h; sourceTree = "<group>"; };
		4D10EEEB145D7E6D00EC0FAC /* NSBitmapImageRep_WriteToFile.m */ = {isa = PBXFileReference; fileEncoding = 4; lastKnownFileType = sourcecode.c.objc; name = NSBitmapImageRep_WriteToFile.m; path = Classes/NSBitmapImageRep_WriteToFile.m; sourceTree = "<group>"; };
		4D2B3C2A1440D4AB000736DD /* README */ = {isa = PBXFileReference; fileEncoding = 4; lastKnownFileType = text; path = README; sourceTree = "<group>"; };
		4D54DA55141271C000E1CCC7 /* libsane.dylib */ = {isa = PBXFileReference; lastKnownFileType = "compiled.mach-o.dylib"; name = libsane.dylib; path = /usr/local/lib/libsane.dylib; sourceTree = "<absolute>"; };
		4D54DA691412797600E1CCC7 /* SaneKit.h */ = {isa = PBXFileReference; fileEncoding = 4; lastKnownFileType = sourcecode.c.h; name = SaneKit.h; path = Classes/SaneKit.h; sourceTree = "<group>"; };
		4D54DA6A1412797600E1CCC7 /* SaneKit.m */ = {isa = PBXFileReference; fileEncoding = 4; lastKnownFileType = sourcecode.c.objc; name = SaneKit.m; path = Classes/SaneKit.m; sourceTree = "<group>"; };
		4D54DA7214127CEB00E1CCC7 /* scantool */ = {isa = PBXFileReference; explicitFileType = "compiled.mach-o.executable"; includeInIndex = 0; path = scantool; sourceTree = BUILT_PRODUCTS_DIR; };
		4D54DA7A14127D2B00E1CCC7 /* scantool.m */ = {isa = PBXFileReference; fileEncoding = 4; lastKnownFileType = sourcecode.c.objc; name = scantool.m; path = Tools/scantool.m; sourceTree = "<group>"; };
		4D54DAB8141286E200E1CCC7 /* SKScanDevice.h */ = {isa = PBXFileReference; fileEncoding = 4; lastKnownFileType = sourcecode.c.h; name = SKScanDevice.h; path = Classes/SKScanDevice.h; sourceTree = "<group>"; };
		4D54DAB9141286E200E1CCC7 /* SKScanDevice.m */ = {isa = PBXFileReference; fileEncoding = 4; lastKnownFileType = sourcecode.c.objc; name = SKScanDevice.m; path = Classes/SKScanDevice.m; sourceTree = "<group>"; };
		4D54DB0E14128E2300E1CCC7 /* SKStructs.h */ = {isa = PBXFileReference; fileEncoding = 4; lastKnownFileType = sourcecode.c.h; name = SKStructs.h; path = Classes/SKStructs.h; sourceTree = "<group>"; };
		4DB4BE6F1444F19100339479 /* InSaneIty.app */ = {isa = PBXFileReference; explicitFileType = wrapper.application; includeInIndex = 0; name = InSaneIty.app; path = build/Debug/InSaneIty.app; sourceTree = "<group>"; };
		4DB4BE711444F19100339479 /* InSaneIty-Info.plist */ = {isa = PBXFileReference; lastKnownFileType = text.plist.xml; path = "InSaneIty-Info.plist"; sourceTree = "<group>"; };
		4DB4BE801444F29000339479 /* InSaneIty.xib */ = {isa = PBXFileReference; lastKnownFileType = file.xib; name = InSaneIty.xib; path = Resources/InSaneIty.xib; sourceTree = "<group>"; };
		4DB4BE821444F2DB00339479 /* main.m */ = {isa = PBXFileReference; fileEncoding = 4; lastKnownFileType = sourcecode.c.objc; name = main.m; path = Gui/main.m; sourceTree = "<group>"; };
		4DB4BEAA1448E97100339479 /* SKApplicationDelegate.h */ = {isa = PBXFileReference; fileEncoding = 4; lastKnownFileType = sourcecode.c.h; name = SKApplicationDelegate.h; path = Gui/SKApplicationDelegate.h; sourceTree = "<group>"; };
		4DB4BEAB1448E97100339479 /* SKApplicationDelegate.m */ = {isa = PBXFileReference; fileEncoding = 4; lastKnownFileType = sourcecode.c.objc; name = SKApplicationDelegate.m; path = Gui/SKApplicationDelegate.m; sourceTree = "<group>"; };
		4DB4BEEC1448EDB600339479 /* SKApplicationController.h */ = {isa = PBXFileReference; fileEncoding = 4; lastKnownFileType = sourcecode.c.h; name = SKApplicationController.h; path = Gui/SKApplicationController.h; sourceTree = "<group>"; };
		4DB4BEED1448EDB600339479 /* SKApplicationController.m */ = {isa = PBXFileReference; fileEncoding = 4; lastKnownFileType = sourcecode.c.objc; name = SKApplicationController.m; path = Gui/SKApplicationController.m; sourceTree = "<group>"; };
		4DE6612914134FC0001F309B /* SKScanParameters.h */ = {isa = PBXFileReference; fileEncoding = 4; lastKnownFileType = sourcecode.c.h; name = SKScanParameters.h; path = Classes/SKScanParameters.h; sourceTree = "<group>"; };
		4DE6612A14134FC0001F309B /* SKScanParameters.m */ = {isa = PBXFileReference; fileEncoding = 4; lastKnownFileType = sourcecode.c.objc; name = SKScanParameters.m; path = Classes/SKScanParameters.m; sourceTree = "<group>"; };
		4DE662561415690C001F309B /* imagereader */ = {isa = PBXFileReference; explicitFileType = "compiled.mach-o.executable"; includeInIndex = 0; path = imagereader; sourceTree = BUILT_PRODUCTS_DIR; };
		4DE6625B1415692F001F309B /* compare_images.m */ = {isa = PBXFileReference; fileEncoding = 4; lastKnownFileType = sourcecode.c.objc; name = compare_images.m; path = Tools/compare_images.m; sourceTree = "<group>"; };
		4DE662EA14196E0B001F309B /* SKScanOption.h */ = {isa = PBXFileReference; fileEncoding = 4; lastKnownFileType = sourcecode.c.h; name = SKScanOption.h; path = Classes/SKScanOption.h; sourceTree = "<group>"; };
		4DE662EB14196E0B001F309B /* SKScanOption.m */ = {isa = PBXFileReference; fileEncoding = 4; lastKnownFileType = sourcecode.c.objc; name = SKScanOption.m; path = Classes/SKScanOption.m; sourceTree = "<group>"; };
		4DE66484141B5F5D001F309B /* SKScanOptionInt.h */ = {isa = PBXFileReference; fileEncoding = 4; lastKnownFileType = sourcecode.c.h; name = SKScanOptionInt.h; path = Classes/SKScanOptionInt.h; sourceTree = "<group>"; };
		4DE66485141B5F5D001F309B /* SKScanOptionInt.m */ = {isa = PBXFileReference; fileEncoding = 4; lastKnownFileType = sourcecode.c.objc; name = SKScanOptionInt.m; path = Classes/SKScanOptionInt.m; sourceTree = "<group>"; };
		4DE66488141B5F7D001F309B /* SKScanOptionBool.h */ = {isa = PBXFileReference; fileEncoding = 4; lastKnownFileType = sourcecode.c.h; name = SKScanOptionBool.h; path = Classes/SKScanOptionBool.h; sourceTree = "<group>"; };
		4DE66489141B5F7D001F309B /* SKScanOptionBool.m */ = {isa = PBXFileReference; fileEncoding = 4; lastKnownFileType = sourcecode.c.objc; name = SKScanOptionBool.m; path = Classes/SKScanOptionBool.m; sourceTree = "<group>"; };
		4DE6648C141B5FBF001F309B /* SKScanOptionString.h */ = {isa = PBXFileReference; fileEncoding = 4; lastKnownFileType = sourcecode.c.h; name = SKScanOptionString.h; path = Classes/SKScanOptionString.h; sourceTree = "<group>"; };
		4DE6648D141B5FBF001F309B /* SKScanOptionString.m */ = {isa = PBXFileReference; fileEncoding = 4; lastKnownFileType = sourcecode.c.objc; name = SKScanOptionString.m; path = Classes/SKScanOptionString.m; sourceTree = "<group>"; };
		4DFA0C73142EA32D0076728A /* SKScanOptionFixed.h */ = {isa = PBXFileReference; fileEncoding = 4; lastKnownFileType = sourcecode.c.h; name = SKScanOptionFixed.h; path = Classes/SKScanOptionFixed.h; sourceTree = "<group>"; };
		4DFA0C74142EA32D0076728A /* SKScanOptionFixed.m */ = {isa = PBXFileReference; fileEncoding = 4; lastKnownFileType = sourcecode.c.objc; name = SKScanOptionFixed.m; path = Classes/SKScanOptionFixed.m; sourceTree = "<group>"; };
		4DFA0D00142F279D0076728A /* SKRange.h */ = {isa = PBXFileReference; fileEncoding = 4; lastKnownFileType = sourcecode.c.h; name = SKRange.h; path = Classes/SKRange.h; sourceTree = "<group>"; };
		4DFA0D01142F279D0076728A /* SKRange.m */ = {isa = PBXFileReference; fileEncoding = 4; lastKnownFileType = sourcecode.c.objc; name = SKRange.m; path = Classes/SKRange.m; sourceTree = "<group>"; };
		4DFA0D82142FD08D0076728A /* SKRange_Protocol.h */ = {isa = PBXFileReference; fileEncoding = 4; lastKnownFileType = sourcecode.c.h; name = SKRange_Protocol.h; path = Classes/SKRange_Protocol.h; sourceTree = "<group>"; };
		4DFA0D83142FD08D0076728A /* SKRangeFixed.h */ = {isa = PBXFileReference; fileEncoding = 4; lastKnownFileType = sourcecode.c.h; name = SKRangeFixed.h; path = Classes/SKRangeFixed.h; sourceTree = "<group>"; };
		4DFA0D84142FD08D0076728A /* SKRangeFixed.m */ = {isa = PBXFileReference; fileEncoding = 4; lastKnownFileType = sourcecode.c.objc; name = SKRangeFixed.m; path = Classes/SKRangeFixed.m; sourceTree = "<group>"; };
		8DC2EF5A0486A6940098B216 /* Info.plist */ = {isa = PBXFileReference; fileEncoding = 4; lastKnownFileType = text.plist.xml; path = Info.plist; sourceTree = "<group>"; };
		8DC2EF5B0486A6940098B216 /* SaneKit.framework */ = {isa = PBXFileReference; explicitFileType = wrapper.framework; includeInIndex = 0; path = SaneKit.framework; sourceTree = BUILT_PRODUCTS_DIR; };
		D2F7E79907B2D74100F64583 /* CoreData.framework */ = {isa = PBXFileReference; lastKnownFileType = wrapper.framework; name = CoreData.framework; path = /System/Library/Frameworks/CoreData.framework; sourceTree = "<absolute>"; };
/* End PBXFileReference section */

/* Begin PBXFrameworksBuildPhase section */
		4D54DA7014127CEB00E1CCC7 /* Frameworks */ = {
			isa = PBXFrameworksBuildPhase;
			buildActionMask = 2147483647;
			files = (
				4D54DA7814127CFE00E1CCC7 /* SaneKit.framework in Frameworks */,
				4D54DA9914127E3400E1CCC7 /* Foundation.framework in Frameworks */,
			);
			runOnlyForDeploymentPostprocessing = 0;
		};
		4DB4BE6D1444F19100339479 /* Frameworks */ = {
			isa = PBXFrameworksBuildPhase;
			buildActionMask = 2147483647;
			files = (
				4DB4BE771444F1E100339479 /* Foundation.framework in Frameworks */,
				4DB4BE781444F1E400339479 /* AppKit.framework in Frameworks */,
				4DB4BE7B1444F1F000339479 /* SaneKit.framework in Frameworks */,
			);
			runOnlyForDeploymentPostprocessing = 0;
		};
		4DE662541415690C001F309B /* Frameworks */ = {
			isa = PBXFrameworksBuildPhase;
			buildActionMask = 2147483647;
			files = (
			);
			runOnlyForDeploymentPostprocessing = 0;
		};
		8DC2EF560486A6940098B216 /* Frameworks */ = {
			isa = PBXFrameworksBuildPhase;
			buildActionMask = 2147483647;
			files = (
				8DC2EF570486A6940098B216 /* Cocoa.framework in Frameworks */,
				4D54DA56141271C000E1CCC7 /* libsane.dylib in Frameworks */,
			);
			runOnlyForDeploymentPostprocessing = 0;
		};
/* End PBXFrameworksBuildPhase section */

/* Begin PBXGroup section */
		034768DFFF38A50411DB9C8B /* Products */ = {
			isa = PBXGroup;
			children = (
				8DC2EF5B0486A6940098B216 /* SaneKit.framework */,
				4D54DA7214127CEB00E1CCC7 /* scantool */,
				4DE662561415690C001F309B /* imagereader */,
				4DB4BE6F1444F19100339479 /* InSaneIty.app */,
			);
			name = Products;
			sourceTree = "<group>";
		};
		0867D691FE84028FC02AAC07 /* SaneKit */ = {
			isa = PBXGroup;
			children = (
				08FB77AEFE84172EC02AAC07 /* Classes */,
				4DB4BE671444F14900339479 /* Gui */,
				4D54DA6E14127C8600E1CCC7 /* Tools */,
				32C88DFF0371C24200C91783 /* Other Sources */,
				089C1665FE841158C02AAC07 /* Resources */,
				0867D69AFE84028FC02AAC07 /* External Frameworks and Libraries */,
				034768DFFF38A50411DB9C8B /* Products */,
				4DB4BE711444F19100339479 /* InSaneIty-Info.plist */,
			);
			name = SaneKit;
			sourceTree = "<group>";
		};
		0867D69AFE84028FC02AAC07 /* External Frameworks and Libraries */ = {
			isa = PBXGroup;
			children = (
				4D54DA55141271C000E1CCC7 /* libsane.dylib */,
				1058C7B0FEA5585E11CA2CBB /* Linked Frameworks */,
				1058C7B2FEA5585E11CA2CBB /* Other Frameworks */,
			);
			name = "External Frameworks and Libraries";
			sourceTree = "<group>";
		};
		089C1665FE841158C02AAC07 /* Resources */ = {
			isa = PBXGroup;
			children = (
				8DC2EF5A0486A6940098B216 /* Info.plist */,
				089C1666FE841158C02AAC07 /* InfoPlist.strings */,
				4DB4BE801444F29000339479 /* InSaneIty.xib */,
			);
			name = Resources;
			sourceTree = "<group>";
		};
		08FB77AEFE84172EC02AAC07 /* Classes */ = {
			isa = PBXGroup;
			children = (
				4D10EEEB145D7E6D00EC0FAC /* NSBitmapImageRep_WriteToFile.m */,
				4D10EEE0145C561500EC0FAC /* NSBitmapImageRep_WriteToFile.h */,
				4D54DA691412797600E1CCC7 /* SaneKit.h */,
				4D54DA6A1412797600E1CCC7 /* SaneKit.m */,
				4D54DAB8141286E200E1CCC7 /* SKScanDevice.h */,
				4D54DAB9141286E200E1CCC7 /* SKScanDevice.m */,
				4D54DB0E14128E2300E1CCC7 /* SKStructs.h */,
				4DE6612914134FC0001F309B /* SKScanParameters.h */,
				4DE6612A14134FC0001F309B /* SKScanParameters.m */,
				4DE662EA14196E0B001F309B /* SKScanOption.h */,
				4DE662EB14196E0B001F309B /* SKScanOption.m */,
				4DE66484141B5F5D001F309B /* SKScanOptionInt.h */,
				4DE66485141B5F5D001F309B /* SKScanOptionInt.m */,
				4DFA0C73142EA32D0076728A /* SKScanOptionFixed.h */,
				4DFA0C74142EA32D0076728A /* SKScanOptionFixed.m */,
				4DE66488141B5F7D001F309B /* SKScanOptionBool.h */,
				4DE66489141B5F7D001F309B /* SKScanOptionBool.m */,
				4DE6648C141B5FBF001F309B /* SKScanOptionString.h */,
				4DE6648D141B5FBF001F309B /* SKScanOptionString.m */,
				4DFA0D82142FD08D0076728A /* SKRange_Protocol.h */,
				4DFA0D00142F279D0076728A /* SKRange.h */,
				4DFA0D01142F279D0076728A /* SKRange.m */,
				4DFA0D83142FD08D0076728A /* SKRangeFixed.h */,
				4DFA0D84142FD08D0076728A /* SKRangeFixed.m */,
			);
			name = Classes;
			sourceTree = "<group>";
		};
		1058C7B0FEA5585E11CA2CBB /* Linked Frameworks */ = {
			isa = PBXGroup;
			children = (
				1058C7B1FEA5585E11CA2CBB /* Cocoa.framework */,
			);
			name = "Linked Frameworks";
			sourceTree = "<group>";
		};
		1058C7B2FEA5585E11CA2CBB /* Other Frameworks */ = {
			isa = PBXGroup;
			children = (
				0867D6A5FE840307C02AAC07 /* AppKit.framework */,
				D2F7E79907B2D74100F64583 /* CoreData.framework */,
				0867D69BFE84028FC02AAC07 /* Foundation.framework */,
			);
			name = "Other Frameworks";
			sourceTree = "<group>";
		};
		32C88DFF0371C24200C91783 /* Other Sources */ = {
			isa = PBXGroup;
			children = (
				32DBCF5E0370ADEE00C91783 /* SaneKit_Prefix.pch */,
				4D2B3C2A1440D4AB000736DD /* README */,
			);
			name = "Other Sources";
			sourceTree = "<group>";
		};
		4D54DA6E14127C8600E1CCC7 /* Tools */ = {
			isa = PBXGroup;
			children = (
				4D54DA7A14127D2B00E1CCC7 /* scantool.m */,
				4DE6625B1415692F001F309B /* compare_images.m */,
			);
			name = Tools;
			sourceTree = "<group>";
		};
		4DB4BE671444F14900339479 /* Gui */ = {
			isa = PBXGroup;
			children = (
				4DB4BE821444F2DB00339479 /* main.m */,
				4DB4BEAA1448E97100339479 /* SKApplicationDelegate.h */,
				4DB4BEAB1448E97100339479 /* SKApplicationDelegate.m */,
				4DB4BEEC1448EDB600339479 /* SKApplicationController.h */,
				4DB4BEED1448EDB600339479 /* SKApplicationController.m */,
			);
			name = Gui;
			sourceTree = "<group>";
		};
/* End PBXGroup section */

/* Begin PBXHeadersBuildPhase section */
		8DC2EF500486A6940098B216 /* Headers */ = {
			isa = PBXHeadersBuildPhase;
			buildActionMask = 2147483647;
			files = (
				4D54DA6B1412797600E1CCC7 /* SaneKit.h in Headers */,
				4D54DABA141286E200E1CCC7 /* SKScanDevice.h in Headers */,
				4D54DB0F14128E2300E1CCC7 /* SKStructs.h in Headers */,
				4DE6612B14134FC0001F309B /* SKScanParameters.h in Headers */,
				4DE662EC14196E0B001F309B /* SKScanOption.h in Headers */,
				4DE66486141B5F5D001F309B /* SKScanOptionInt.h in Headers */,
				4DE6648A141B5F7E001F309B /* SKScanOptionBool.h in Headers */,
				4DE6648E141B5FBF001F309B /* SKScanOptionString.h in Headers */,
				4DFA0C75142EA32D0076728A /* SKScanOptionFixed.h in Headers */,
				4DFA0D02142F279D0076728A /* SKRange.h in Headers */,
				4DFA0D85142FD08D0076728A /* SKRange_Protocol.h in Headers */,
				4DFA0D86142FD08D0076728A /* SKRangeFixed.h in Headers */,
				4D10EEE1145C561500EC0FAC /* NSBitmapImageRep_WriteToFile.h in Headers */,
			);
			runOnlyForDeploymentPostprocessing = 0;
		};
/* End PBXHeadersBuildPhase section */

/* Begin PBXNativeTarget section */
		4D54DA7114127CEB00E1CCC7 /* scantool */ = {
			isa = PBXNativeTarget;
			buildConfigurationList = 4D54DA7914127D2300E1CCC7 /* Build configuration list for PBXNativeTarget "scantool" */;
			buildPhases = (
				4D54DA6F14127CEB00E1CCC7 /* Sources */,
				4D54DA7014127CEB00E1CCC7 /* Frameworks */,
			);
			buildRules = (
			);
			dependencies = (
				4D54DA7714127CF900E1CCC7 /* PBXTargetDependency */,
			);
			name = scantool;
			productName = scantool;
			productReference = 4D54DA7214127CEB00E1CCC7 /* scantool */;
			productType = "com.apple.product-type.tool";
		};
		4DB4BE6E1444F19100339479 /* InSaneIty */ = {
			isa = PBXNativeTarget;
			buildConfigurationList = 4DB4BE741444F19300339479 /* Build configuration list for PBXNativeTarget "InSaneIty" */;
			buildPhases = (
				4DB4BE6B1444F19100339479 /* Resources */,
				4DB4BE6C1444F19100339479 /* Sources */,
				4DB4BE6D1444F19100339479 /* Frameworks */,
			);
			buildRules = (
			);
			dependencies = (
				4DB4BE761444F1A400339479 /* PBXTargetDependency */,
			);
			name = InSaneIty;
			productName = InSaneIty;
			productReference = 4DB4BE6F1444F19100339479 /* InSaneIty.app */;
			productType = "com.apple.product-type.application";
		};
		4DE662551415690C001F309B /* compare_images */ = {
			isa = PBXNativeTarget;
			buildConfigurationList = 4DE6625A1415692D001F309B /* Build configuration list for PBXNativeTarget "compare_images" */;
			buildPhases = (
				4DE662531415690C001F309B /* Sources */,
				4DE662541415690C001F309B /* Frameworks */,
			);
			buildRules = (
			);
			dependencies = (
			);
			name = compare_images;
			productName = imagereader;
			productReference = 4DE662561415690C001F309B /* imagereader */;
			productType = "com.apple.product-type.tool";
		};
		8DC2EF4F0486A6940098B216 /* SaneKit */ = {
			isa = PBXNativeTarget;
			buildConfigurationList = 1DEB91AD08733DA50010E9CD /* Build configuration list for PBXNativeTarget "SaneKit" */;
			buildPhases = (
				8DC2EF500486A6940098B216 /* Headers */,
				8DC2EF520486A6940098B216 /* Resources */,
				8DC2EF540486A6940098B216 /* Sources */,
				8DC2EF560486A6940098B216 /* Frameworks */,
			);
			buildRules = (
			);
			dependencies = (
			);
			name = SaneKit;
			productInstallPath = "$(HOME)/Library/Frameworks";
			productName = SaneKit;
			productReference = 8DC2EF5B0486A6940098B216 /* SaneKit.framework */;
			productType = "com.apple.product-type.framework";
		};
/* End PBXNativeTarget section */

/* Begin PBXProject section */
		0867D690FE84028FC02AAC07 /* Project object */ = {
			isa = PBXProject;
			buildConfigurationList = 1DEB91B108733DA50010E9CD /* Build configuration list for PBXProject "SaneKit" */;
			compatibilityVersion = "Xcode 3.1";
			hasScannedForEncodings = 1;
			mainGroup = 0867D691FE84028FC02AAC07 /* SaneKit */;
			productRefGroup = 034768DFFF38A50411DB9C8B /* Products */;
			projectDirPath = "";
			projectRoot = "";
			targets = (
				8DC2EF4F0486A6940098B216 /* SaneKit */,
				4D54DA7114127CEB00E1CCC7 /* scantool */,
				4DE662551415690C001F309B /* compare_images */,
				4DB4BE6E1444F19100339479 /* InSaneIty */,
			);
		};
/* End PBXProject section */

/* Begin PBXResourcesBuildPhase section */
		4DB4BE6B1444F19100339479 /* Resources */ = {
			isa = PBXResourcesBuildPhase;
			buildActionMask = 2147483647;
			files = (
				4DB4BE811444F29000339479 /* InSaneIty.xib in Resources */,
			);
			runOnlyForDeploymentPostprocessing = 0;
		};
		8DC2EF520486A6940098B216 /* Resources */ = {
			isa = PBXResourcesBuildPhase;
			buildActionMask = 2147483647;
			files = (
				8DC2EF530486A6940098B216 /* InfoPlist.strings in Resources */,
			);
			runOnlyForDeploymentPostprocessing = 0;
		};
/* End PBXResourcesBuildPhase section */

/* Begin PBXSourcesBuildPhase section */
		4D54DA6F14127CEB00E1CCC7 /* Sources */ = {
			isa = PBXSourcesBuildPhase;
			buildActionMask = 2147483647;
			files = (
				4D54DA7B14127D2B00E1CCC7 /* scantool.m in Sources */,
			);
			runOnlyForDeploymentPostprocessing = 0;
		};
		4DB4BE6C1444F19100339479 /* Sources */ = {
			isa = PBXSourcesBuildPhase;
			buildActionMask = 2147483647;
			files = (
				4DB4BE831444F2DB00339479 /* main.m in Sources */,
				4DB4BEAC1448E97100339479 /* SKApplicationDelegate.m in Sources */,
				4DB4BEEE1448EDB600339479 /* SKApplicationController.m in Sources */,
			);
			runOnlyForDeploymentPostprocessing = 0;
		};
		4DE662531415690C001F309B /* Sources */ = {
			isa = PBXSourcesBuildPhase;
			buildActionMask = 2147483647;
			files = (
				4DE6625C1415692F001F309B /* compare_images.m in Sources */,
			);
			runOnlyForDeploymentPostprocessing = 0;
		};
		8DC2EF540486A6940098B216 /* Sources */ = {
			isa = PBXSourcesBuildPhase;
			buildActionMask = 2147483647;
			files = (
				4D54DA6C1412797600E1CCC7 /* SaneKit.m in Sources */,
				4D54DABB141286E200E1CCC7 /* SKScanDevice.m in Sources */,
				4DE6612C14134FC0001F309B /* SKScanParameters.m in Sources */,
				4DE662ED14196E0B001F309B /* SKScanOption.m in Sources */,
				4DE66487141B5F5D001F309B /* SKScanOptionInt.m in Sources */,
				4DE6648B141B5F7E001F309B /* SKScanOptionBool.m in Sources */,
				4DE6648F141B5FBF001F309B /* SKScanOptionString.m in Sources */,
				4DFA0C76142EA32D0076728A /* SKScanOptionFixed.m in Sources */,
				4DFA0D03142F279D0076728A /* SKRange.m in Sources */,
				4DFA0D87142FD08D0076728A /* SKRangeFixed.m in Sources */,
				4D10EEEC145D7E6D00EC0FAC /* NSBitmapImageRep_WriteToFile.m in Sources */,
			);
			runOnlyForDeploymentPostprocessing = 0;
		};
/* End PBXSourcesBuildPhase section */

/* Begin PBXTargetDependency section */
		4D54DA7714127CF900E1CCC7 /* PBXTargetDependency */ = {
			isa = PBXTargetDependency;
			target = 8DC2EF4F0486A6940098B216 /* SaneKit */;
			targetProxy = 4D54DA7614127CF900E1CCC7 /* PBXContainerItemProxy */;
		};
		4DB4BE761444F1A400339479 /* PBXTargetDependency */ = {
			isa = PBXTargetDependency;
			target = 8DC2EF4F0486A6940098B216 /* SaneKit */;
			targetProxy = 4DB4BE751444F1A400339479 /* PBXContainerItemProxy */;
		};
/* End PBXTargetDependency section */

/* Begin PBXVariantGroup section */
		089C1666FE841158C02AAC07 /* InfoPlist.strings */ = {
			isa = PBXVariantGroup;
			children = (
				089C1667FE841158C02AAC07 /* English */,
			);
			name = InfoPlist.strings;
			sourceTree = "<group>";
		};
/* End PBXVariantGroup section */

/* Begin XCBuildConfiguration section */
		1DEB91AE08733DA50010E9CD /* Debug */ = {
			isa = XCBuildConfiguration;
			buildSettings = {
				ALWAYS_SEARCH_USER_PATHS = NO;
				COPY_PHASE_STRIP = NO;
				DYLIB_COMPATIBILITY_VERSION = 1;
				DYLIB_CURRENT_VERSION = 1;
				FRAMEWORK_VERSION = A;
				GCC_DYNAMIC_NO_PIC = NO;
				GCC_ENABLE_FIX_AND_CONTINUE = YES;
				GCC_MODEL_TUNING = G5;
				GCC_OPTIMIZATION_LEVEL = 0;
				GCC_PRECOMPILE_PREFIX_HEADER = YES;
				GCC_PREFIX_HEADER = SaneKit_Prefix.pch;
				INFOPLIST_FILE = Info.plist;
				INSTALL_PATH = "$(HOME)/Library/Frameworks";
				PRODUCT_NAME = SaneKit;
				WRAPPER_EXTENSION = framework;
			};
			name = Debug;
		};
		1DEB91AF08733DA50010E9CD /* Release */ = {
			isa = XCBuildConfiguration;
			buildSettings = {
				ALWAYS_SEARCH_USER_PATHS = NO;
				DEBUG_INFORMATION_FORMAT = "dwarf-with-dsym";
				DYLIB_COMPATIBILITY_VERSION = 1;
				DYLIB_CURRENT_VERSION = 1;
				FRAMEWORK_VERSION = A;
				GCC_MODEL_TUNING = G5;
				GCC_PRECOMPILE_PREFIX_HEADER = YES;
				GCC_PREFIX_HEADER = SaneKit_Prefix.pch;
				INFOPLIST_FILE = Info.plist;
				INSTALL_PATH = "$(HOME)/Library/Frameworks";
				PRODUCT_NAME = SaneKit;
				WRAPPER_EXTENSION = framework;
			};
			name = Release;
		};
		1DEB91B208733DA50010E9CD /* Debug */ = {
			isa = XCBuildConfiguration;
			buildSettings = {
				ARCHS = "$(ARCHS_STANDARD_32_BIT)";
				GCC_C_LANGUAGE_STANDARD = c99;
				GCC_OPTIMIZATION_LEVEL = 0;
				GCC_WARN_ABOUT_RETURN_TYPE = YES;
				GCC_WARN_UNUSED_VARIABLE = YES;
				HEADER_SEARCH_PATHS = /usr/local/include;
				LIBRARY_SEARCH_PATHS = /usr/local/lib;
				ONLY_ACTIVE_ARCH = YES;
				PREBINDING = NO;
				SDKROOT = macosx10.5;
			};
			name = Debug;
		};
		1DEB91B308733DA50010E9CD /* Release */ = {
			isa = XCBuildConfiguration;
			buildSettings = {
				ARCHS = "$(ARCHS_STANDARD_32_BIT)";
				GCC_C_LANGUAGE_STANDARD = c99;
				GCC_WARN_ABOUT_RETURN_TYPE = YES;
				GCC_WARN_UNUSED_VARIABLE = YES;
				HEADER_SEARCH_PATHS = /usr/local/include;
				LIBRARY_SEARCH_PATHS = /usr/local/lib;
				PREBINDING = NO;
				SDKROOT = macosx10.5;
			};
			name = Release;
		};
		4D54DA7414127CED00E1CCC7 /* Debug */ = {
			isa = XCBuildConfiguration;
			buildSettings = {
				ALWAYS_SEARCH_USER_PATHS = NO;
				COPY_PHASE_STRIP = NO;
				GCC_DYNAMIC_NO_PIC = NO;
				GCC_ENABLE_FIX_AND_CONTINUE = YES;
				GCC_MODEL_TUNING = G5;
				GCC_OPTIMIZATION_LEVEL = 0;
				GCC_PRECOMPILE_PREFIX_HEADER = YES;
				GCC_PREFIX_HEADER = "$(SYSTEM_LIBRARY_DIR)/Frameworks/AppKit.framework/Headers/AppKit.h";
				INSTALL_PATH = /usr/local/bin;
				OTHER_LDFLAGS = (
					"-framework",
					Foundation,
					"-framework",
					AppKit,
				);
				PREBINDING = NO;
				PRODUCT_NAME = scantool;
			};
			name = Debug;
		};
		4D54DA7514127CED00E1CCC7 /* Release */ = {
			isa = XCBuildConfiguration;
			buildSettings = {
				ALWAYS_SEARCH_USER_PATHS = NO;
				COPY_PHASE_STRIP = YES;
				DEBUG_INFORMATION_FORMAT = "dwarf-with-dsym";
				GCC_ENABLE_FIX_AND_CONTINUE = NO;
				GCC_MODEL_TUNING = G5;
				GCC_PRECOMPILE_PREFIX_HEADER = YES;
				GCC_PREFIX_HEADER = "$(SYSTEM_LIBRARY_DIR)/Frameworks/AppKit.framework/Headers/AppKit.h";
				INSTALL_PATH = /usr/local/bin;
				OTHER_LDFLAGS = (
					"-framework",
					Foundation,
					"-framework",
					AppKit,
				);
				PREBINDING = NO;
				PRODUCT_NAME = scantool;
				ZERO_LINK = NO;
			};
			name = Release;
		};
		4DB4BE721444F19300339479 /* Debug */ = {
			isa = XCBuildConfiguration;
			buildSettings = {
				ALWAYS_SEARCH_USER_PATHS = NO;
				COPY_PHASE_STRIP = NO;
				GCC_DYNAMIC_NO_PIC = NO;
				GCC_ENABLE_FIX_AND_CONTINUE = YES;
				GCC_MODEL_TUNING = G5;
				GCC_OPTIMIZATION_LEVEL = 0;
				GCC_PRECOMPILE_PREFIX_HEADER = YES;
				GCC_PREFIX_HEADER = "$(SYSTEM_LIBRARY_DIR)/Frameworks/AppKit.framework/Headers/AppKit.h";
				INFOPLIST_FILE = "InSaneIty-Info.plist";
				INSTALL_PATH = "$(HOME)/Applications";
				OTHER_LDFLAGS = (
					"-framework",
					Foundation,
					"-framework",
					AppKit,
				);
				PREBINDING = NO;
				PRODUCT_NAME = InSaneIty;
			};
			name = Debug;
		};
		4DB4BE731444F19300339479 /* Release */ = {
			isa = XCBuildConfiguration;
			buildSettings = {
				ALWAYS_SEARCH_USER_PATHS = NO;
				COPY_PHASE_STRIP = YES;
				DEBUG_INFORMATION_FORMAT = "dwarf-with-dsym";
				GCC_ENABLE_FIX_AND_CONTINUE = NO;
				GCC_MODEL_TUNING = G5;
				GCC_PRECOMPILE_PREFIX_HEADER = YES;
				GCC_PREFIX_HEADER = "$(SYSTEM_LIBRARY_DIR)/Frameworks/AppKit.framework/Headers/AppKit.h";
				INFOPLIST_FILE = "InSaneIty-Info.plist";
				INSTALL_PATH = "$(HOME)/Applications";
				OTHER_LDFLAGS = (
					"-framework",
					Foundation,
					"-framework",
					AppKit,
				);
				PREBINDING = NO;
				PRODUCT_NAME = InSaneIty;
				ZERO_LINK = NO;
			};
			name = Release;
		};
		4DE662581415690E001F309B /* Debug */ = {
			isa = XCBuildConfiguration;
			buildSettings = {
				ALWAYS_SEARCH_USER_PATHS = NO;
				COPY_PHASE_STRIP = NO;
				GCC_DYNAMIC_NO_PIC = NO;
				GCC_ENABLE_FIX_AND_CONTINUE = YES;
				GCC_MODEL_TUNING = G5;
				GCC_OPTIMIZATION_LEVEL = 0;
				GCC_PRECOMPILE_PREFIX_HEADER = YES;
				GCC_PREFIX_HEADER = "$(SYSTEM_LIBRARY_DIR)/Frameworks/AppKit.framework/Headers/AppKit.h";
				INSTALL_PATH = /usr/local/bin;
				OTHER_LDFLAGS = (
					"-framework",
					Foundation,
					"-framework",
					AppKit,
				);
				PREBINDING = NO;
				PRODUCT_NAME = imagereader;
			};
			name = Debug;
		};
		4DE662591415690E001F309B /* Release */ = {
			isa = XCBuildConfiguration;
			buildSettings = {
				ALWAYS_SEARCH_USER_PATHS = NO;
				COPY_PHASE_STRIP = YES;
				DEBUG_INFORMATION_FORMAT = "dwarf-with-dsym";
				GCC_ENABLE_FIX_AND_CONTINUE = NO;
				GCC_MODEL_TUNING = G5;
				GCC_PRECOMPILE_PREFIX_HEADER = YES;
				GCC_PREFIX_HEADER = "$(SYSTEM_LIBRARY_DIR)/Frameworks/AppKit.framework/Headers/AppKit.h";
				INSTALL_PATH = /usr/local/bin;
				OTHER_LDFLAGS = (
					"-framework",
					Foundation,
					"-framework",
					AppKit,
				);
				PREBINDING = NO;
				PRODUCT_NAME = imagereader;
				ZERO_LINK = NO;
			};
			name = Release;
		};
/* End XCBuildConfiguration section */

/* Begin XCConfigurationList section */
		1DEB91AD08733DA50010E9CD /* Build configuration list for PBXNativeTarget "SaneKit" */ = {
			isa = XCConfigurationList;
			buildConfigurations = (
				1DEB91AE08733DA50010E9CD /* Debug */,
				1DEB91AF08733DA50010E9CD /* Release */,
			);
			defaultConfigurationIsVisible = 0;
			defaultConfigurationName = Release;
		};
		1DEB91B108733DA50010E9CD /* Build configuration list for PBXProject "SaneKit" */ = {
			isa = XCConfigurationList;
			buildConfigurations = (
				1DEB91B208733DA50010E9CD /* Debug */,
				1DEB91B308733DA50010E9CD /* Release */,
			);
			defaultConfigurationIsVisible = 0;
			defaultConfigurationName = Release;
		};
		4D54DA7914127D2300E1CCC7 /* Build configuration list for PBXNativeTarget "scantool" */ = {
			isa = XCConfigurationList;
			buildConfigurations = (
				4D54DA7414127CED00E1CCC7 /* Debug */,
				4D54DA7514127CED00E1CCC7 /* Release */,
			);
			defaultConfigurationIsVisible = 0;
			defaultConfigurationName = Release;
		};
		4DB4BE741444F19300339479 /* Build configuration list for PBXNativeTarget "InSaneIty" */ = {
			isa = XCConfigurationList;
			buildConfigurations = (
				4DB4BE721444F19300339479 /* Debug */,
				4DB4BE731444F19300339479 /* Release */,
			);
			defaultConfigurationIsVisible = 0;
			defaultConfigurationName = Release;
		};
		4DE6625A1415692D001F309B /* Build configuration list for PBXNativeTarget "compare_images" */ = {
			isa = XCConfigurationList;
			buildConfigurations = (
				4DE662581415690E001F309B /* Debug */,
				4DE662591415690E001F309B /* Release */,
			);
			defaultConfigurationIsVisible = 0;
			defaultConfigurationName = Release;
		};
/* End XCConfigurationList section */
	};
	rootObject = 0867D690FE84028FC02AAC07 /* Project object */;
}
